
Microsoft Visual Studio Solution File, Format Version 12.00
# Visual Studio Version 16
VisualStudioVersion = 16.0.29025.244
MinimumVisualStudioVersion = 10.0.40219.1
Project("{9A19103F-16F7-4668-BE54-9A1E7A4F7556}") = "TelegramBot", "TelegramBot\TelegramBot.csproj", "{68824469-42EF-441A-B633-338F7FAC367F}"
EndProject
Project("{FAE04EC0-301F-11D3-BF4B-00C04F79EFBC}") = "TelegramBotUnitTests", "TelegramBotUnitTests\TelegramBotUnitTests.csproj", "{376B0B81-01F1-4E00-9CFB-AF4FF99DF2B8}"
EndProject
Global
	GlobalSection(SolutionConfigurationPlatforms) = preSolution
		Debug|Any CPU = Debug|Any CPU
		Release|Any CPU = Release|Any CPU
	EndGlobalSection
	GlobalSection(ProjectConfigurationPlatforms) = postSolution
		{68824469-42EF-441A-B633-338F7FAC367F}.Debug|Any CPU.ActiveCfg = Debug|Any CPU
		{68824469-42EF-441A-B633-338F7FAC367F}.Debug|Any CPU.Build.0 = Debug|Any CPU
		{68824469-42EF-441A-B633-338F7FAC367F}.Release|Any CPU.ActiveCfg = Release|Any CPU
		{68824469-42EF-441A-B633-338F7FAC367F}.Release|Any CPU.Build.0 = Release|Any CPU
		{376B0B81-01F1-4E00-9CFB-AF4FF99DF2B8}.Debug|Any CPU.ActiveCfg = Debug|Any CPU
		{376B0B81-01F1-4E00-9CFB-AF4FF99DF2B8}.Debug|Any CPU.Build.0 = Debug|Any CPU
		{376B0B81-01F1-4E00-9CFB-AF4FF99DF2B8}.Release|Any CPU.ActiveCfg = Release|Any CPU
		{376B0B81-01F1-4E00-9CFB-AF4FF99DF2B8}.Release|Any CPU.Build.0 = Release|Any CPU
	EndGlobalSection
	GlobalSection(SolutionProperties) = preSolution
		HideSolutionNode = FALSE
	EndGlobalSection
	GlobalSection(ExtensibilityGlobals) = postSolution
		SolutionGuid = {38747F15-D2C8-40E8-8BD6-257D69F1780E}
	EndGlobalSection
EndGlobal
